PODS:
  - renderer (1.0)
  - shared (1.0)

DEPENDENCIES:
  - renderer (from `../renderer`)
  - shared (from `../shared`)

EXTERNAL SOURCES:
  renderer:
    :path: "../renderer"
  shared:
    :path: "../shared"

SPEC CHECKSUMS:
  renderer: 2e23e67772e4a5dfdf0e00dcdee7e52d2296b4d5
  shared: 0593a0d12bb74fdc66baa378aeaf7e4c8669e14b

PODFILE CHECKSUM: 50187973b0cf5f053e6720fa2a52bf518b16ef80

COCOAPODS: 1.16.2
